
Microsoft Visual Studio Solution File, Format Version 12.00
# Visual Studio Version 16
VisualStudioVersion = 16.0.29613.14
MinimumVisualStudioVersion = 10.0.40219.1
Project("{FAE04EC0-301F-11D3-BF4B-00C04F79EFBC}") = "6", "6\6.csproj", "{FDFDB695-C4E7-4D38-A615-BAB5E34D220E}"
EndProject
Global
	GlobalSection(SolutionConfigurationPlatforms) = preSolution
		Debug|Any CPU = Debug|Any CPU
		Release|Any CPU = Release|Any CPU
	EndGlobalSection
	GlobalSection(ProjectConfigurationPlatforms) = postSolution
		{FDFDB695-C4E7-4D38-A615-BAB5E34D220E}.Debug|Any CPU.ActiveCfg = Debug|Any CPU
		{FDFDB695-C4E7-4D38-A615-BAB5E34D220E}.Debug|Any CPU.Build.0 = Debug|Any CPU
		{FDFDB695-C4E7-4D38-A615-BAB5E34D220E}.Release|Any CPU.ActiveCfg = Release|Any CPU
		{FDFDB695-C4E7-4D38-A615-BAB5E34D220E}.Release|Any CPU.Build.0 = Release|Any CPU
	EndGlobalSection
	GlobalSection(SolutionProperties) = preSolution
		HideSolutionNode = FALSE
	EndGlobalSection
	GlobalSection(ExtensibilityGlobals) = postSolution
		SolutionGuid = {04CC50DA-642E-45B7-8906-262508905D69}
	EndGlobalSection
EndGlobal
